// !$*UTF8*$!
{
	archiveVersion = 1;
	classes = {
	};
	objectVersion = 46;
	objects = {

/* Begin PBXBuildFile section */
		119420D518E015F10051474A /* Foundation.framework in Frameworks */ = {isa = PBXBuildFile; fileRef = 119420D418E015F10051474A /* Foundation.framework */; };
		119420D718E015F10051474A /* CoreGraphics.framework in Frameworks */ = {isa = PBXBuildFile; fileRef = 119420D618E015F10051474A /* CoreGraphics.framework */; };
		119420D918E015F10051474A /* UIKit.framework in Frameworks */ = {isa = PBXBuildFile; fileRef = 119420D818E015F10051474A /* UIKit.framework */; };
		1194210E18E0170A0051474A /* AppDelegate.m in Sources */ = {isa = PBXBuildFile; fileRef = 1194210A18E0170A0051474A /* AppDelegate.m */; };
		1194210F18E0170A0051474A /* readme.txt in Resources */ = {isa = PBXBuildFile; fileRef = 1194210B18E0170A0051474A /* readme.txt */; };
		1194211418E017340051474A /* main.m in Sources */ = {isa = PBXBuildFile; fileRef = 1194211118E017340051474A /* main.m */; };
		1194219418E01D6A0051474A /* ExtensionViewControllers.m in Sources */ = {isa = PBXBuildFile; fileRef = 1194218F18E01D6A0051474A /* ExtensionViewControllers.m */; };
		1194219518E01D6A0051474A /* RootController.m in Sources */ = {isa = PBXBuildFile; fileRef = 1194219118E01D6A0051474A /* RootController.m */; };
		1194219618E01D6A0051474A /* UIViewSizeShortcuts.m in Sources */ = {isa = PBXBuildFile; fileRef = 1194219318E01D6A0051474A /* UIViewSizeShortcuts.m */; };
		1194219918E01EB70051474A /* ServersController.m in Sources */ = {isa = PBXBuildFile; fileRef = 1194219818E01EB70051474A /* ServersController.m */; };
		1194219C18E01EC10051474A /* SharesController.m in Sources */ = {isa = PBXBuildFile; fileRef = 1194219B18E01EC10051474A /* SharesController.m */; };
		1194219F18E024610051474A /* PrinterController.m in Sources */ = {isa = PBXBuildFile; fileRef = 1194219E18E024610051474A /* PrinterController.m */; };
		119E724F18E430FD00B73C09 /* LoginController.m in Sources */ = {isa = PBXBuildFile; fileRef = 119E724E18E430FD00B73C09 /* LoginController.m */; };
		AC1E16D222102FFC003100AF /* SMB4iOSFramework.h in Headers */ = {isa = PBXBuildFile; fileRef = AC1E16D022102FFC003100AF /* SMB4iOSFramework.h */; settings = {ATTRIBUTES = (Public, ); }; };
		AC1E16D522102FFC003100AF /* SMB4iOSFramework.framework in Frameworks */ = {isa = PBXBuildFile; fileRef = AC1E16CE22102FFC003100AF /* SMB4iOSFramework.framework */; };
		AC1E16D622102FFC003100AF /* SMB4iOSFramework.framework in Embed Frameworks */ = {isa = PBXBuildFile; fileRef = AC1E16CE22102FFC003100AF /* SMB4iOSFramework.framework */; settings = {ATTRIBUTES = (CodeSignOnCopy, RemoveHeadersOnCopy, ); }; };
		AC1E16DB221030EC003100AF /* NetBios.h in Headers */ = {isa = PBXBuildFile; fileRef = 119E720518E42FDE00B73C09 /* NetBios.h */; settings = {ATTRIBUTES = (Public, ); }; };
		AC1E16DC221030EC003100AF /* NetBiosQuery.h in Headers */ = {isa = PBXBuildFile; fileRef = 119E720718E42FDE00B73C09 /* NetBiosQuery.h */; settings = {ATTRIBUTES = (Public, ); }; };
		AC1E16DD221030EC003100AF /* RapMessage.h in Headers */ = {isa = PBXBuildFile; fileRef = 119E720C18E42FDE00B73C09 /* RapMessage.h */; settings = {ATTRIBUTES = (Public, ); }; };
		AC1E16DE221030EC003100AF /* RapNetServerEnum2.h in Headers */ = {isa = PBXBuildFile; fileRef = 119E720E18E42FDE00B73C09 /* RapNetServerEnum2.h */; settings = {ATTRIBUTES = (Public, ); }; };
		AC1E16DF221030EC003100AF /* RapNetServerInfo1.h in Headers */ = {isa = PBXBuildFile; fileRef = 119E721018E42FDE00B73C09 /* RapNetServerInfo1.h */; settings = {ATTRIBUTES = (Public, ); }; };
		AC1E16E0221030EC003100AF /* DceRpc.h in Headers */ = {isa = PBXBuildFile; fileRef = 119E71E818E42FDE00B73C09 /* DceRpc.h */; settings = {ATTRIBUTES = (Public, ); }; };
		AC1E16E1221030EC003100AF /* DceRpcBind.h in Headers */ = {isa = PBXBuildFile; fileRef = 119E71E918E42FDE00B73C09 /* DceRpcBind.h */; settings = {ATTRIBUTES = (Public, ); }; };
		AC1E16E2221030EC003100AF /* DceRpcClosePrinter.h in Headers */ = {isa = PBXBuildFile; fileRef = 119E71EB18E42FDE00B73C09 /* DceRpcClosePrinter.h */; settings = {ATTRIBUTES = (Public, ); }; };
		AC1E16E3221030EC003100AF /* DceRpcData.h in Headers */ = {isa = PBXBuildFile; fileRef = 119E71ED18E42FDE00B73C09 /* DceRpcData.h */; settings = {ATTRIBUTES = (Public, ); }; };
		AC1E16E4221030EC003100AF /* DceRpcDefines.h in Headers */ = {isa = PBXBuildFile; fileRef = 119E71EF18E42FDE00B73C09 /* DceRpcDefines.h */; settings = {ATTRIBUTES = (Public, ); }; };
		AC1E16E5221030EC003100AF /* DceRpcEndDocPrinter.h in Headers */ = {isa = PBXBuildFile; fileRef = 119E71F018E42FDE00B73C09 /* DceRpcEndDocPrinter.h */; settings = {ATTRIBUTES = (Public, ); }; };
		AC1E16E6221030EC003100AF /* DceRpcEnumAll.h in Headers */ = {isa = PBXBuildFile; fileRef = 119E71F218E42FDE00B73C09 /* DceRpcEnumAll.h */; settings = {ATTRIBUTES = (Public, ); }; };
		AC1E16E7221030EC003100AF /* DceRpcGetPrinter.h in Headers */ = {isa = PBXBuildFile; fileRef = 119E71F418E42FDE00B73C09 /* DceRpcGetPrinter.h */; settings = {ATTRIBUTES = (Public, ); }; };
		AC1E16E8221030EC003100AF /* DceRpcMessage.h in Headers */ = {isa = PBXBuildFile; fileRef = 119E71F618E42FDE00B73C09 /* DceRpcMessage.h */; settings = {ATTRIBUTES = (Public, ); }; };
		AC1E16E9221030EC003100AF /* DceRpcOpenPrinterEx.h in Headers */ = {isa = PBXBuildFile; fileRef = 119E71FA18E42FDE00B73C09 /* DceRpcOpenPrinterEx.h */; settings = {ATTRIBUTES = (Public, ); }; };
		AC1E16EA221030EC003100AF /* DceRpcPrinterInfo2.h in Headers */ = {isa = PBXBuildFile; fileRef = 119E71FC18E42FDE00B73C09 /* DceRpcPrinterInfo2.h */; settings = {ATTRIBUTES = (Public, ); }; };
		AC1E16EB221030EC003100AF /* DceRpcStartDocPrinter.h in Headers */ = {isa = PBXBuildFile; fileRef = 119E71FE18E42FDE00B73C09 /* DceRpcStartDocPrinter.h */; settings = {ATTRIBUTES = (Public, ); }; };
		AC1E16EC221030EC003100AF /* DceRpcWritePrinter.h in Headers */ = {isa = PBXBuildFile; fileRef = 119E720018E42FDE00B73C09 /* DceRpcWritePrinter.h */; settings = {ATTRIBUTES = (Public, ); }; };
		AC1E16ED221030EC003100AF /* SmbConnection.h in Headers */ = {isa = PBXBuildFile; fileRef = 119E721418E42FDE00B73C09 /* SmbConnection.h */; settings = {ATTRIBUTES = (Public, ); }; };
		AC1E16EE221030EC003100AF /* SmbDefines.h in Headers */ = {isa = PBXBuildFile; fileRef = 119E721618E42FDE00B73C09 /* SmbDefines.h */; settings = {ATTRIBUTES = (Public, ); }; };
		AC1E16EF221030EC003100AF /* SmbLogoffMessage.h in Headers */ = {isa = PBXBuildFile; fileRef = 119E721918E42FDE00B73C09 /* SmbLogoffMessage.h */; settings = {ATTRIBUTES = (Public, ); }; };
		AC1E16F0221030EC003100AF /* SmbMessage.h in Headers */ = {isa = PBXBuildFile; fileRef = 119E721B18E42FDE00B73C09 /* SmbMessage.h */; settings = {ATTRIBUTES = (Public, ); }; };
		AC1E16F1221030EC003100AF /* SmbNegotiateProtocolMessage.h in Headers */ = {isa = PBXBuildFile; fileRef = 119E721D18E42FDE00B73C09 /* SmbNegotiateProtocolMessage.h */; settings = {ATTRIBUTES = (Public, ); }; };
		AC1E16F2221030EC003100AF /* SmbNtCreateMessage.h in Headers */ = {isa = PBXBuildFile; fileRef = 119E721F18E42FDE00B73C09 /* SmbNtCreateMessage.h */; settings = {ATTRIBUTES = (Public, ); }; };
		AC1E16F3221030EC003100AF /* SmbReadMessage.h in Headers */ = {isa = PBXBuildFile; fileRef = 119E722118E42FDE00B73C09 /* SmbReadMessage.h */; settings = {ATTRIBUTES = (Public, ); }; };
		AC1E16F4221030EC003100AF /* SmbSessionSetupMessage.h in Headers */ = {isa = PBXBuildFile; fileRef = 119E722318E42FDE00B73C09 /* SmbSessionSetupMessage.h */; settings = {ATTRIBUTES = (Public, ); }; };
		AC1E16F5221030EC003100AF /* SmbTransactionMessage.h in Headers */ = {isa = PBXBuildFile; fileRef = 119E722518E42FDE00B73C09 /* SmbTransactionMessage.h */; settings = {ATTRIBUTES = (Public, ); }; };
		AC1E16F6221030EC003100AF /* SmbTreeConnectMessage.h in Headers */ = {isa = PBXBuildFile; fileRef = 119E722718E42FDE00B73C09 /* SmbTreeConnectMessage.h */; settings = {ATTRIBUTES = (Public, ); }; };
		AC1E16F7221030EC003100AF /* SmbTreeDisconnectMessage.h in Headers */ = {isa = PBXBuildFile; fileRef = 119E722918E42FDE00B73C09 /* SmbTreeDisconnectMessage.h */; settings = {ATTRIBUTES = (Public, ); }; };
		AC1E16F8221030EC003100AF /* SmbWriteMessage.h in Headers */ = {isa = PBXBuildFile; fileRef = 119E722B18E42FDE00B73C09 /* SmbWriteMessage.h */; settings = {ATTRIBUTES = (Public, ); }; };
		AC1E16F9221030EC003100AF /* SmbCloseMessage.h in Headers */ = {isa = PBXBuildFile; fileRef = 119E721218E42FDE00B73C09 /* SmbCloseMessage.h */; settings = {ATTRIBUTES = (Public, ); }; };
		AC1E16FA221030EC003100AF /* NbtConnection.h in Headers */ = {isa = PBXBuildFile; fileRef = 119E720218E42FDE00B73C09 /* NbtConnection.h */; settings = {ATTRIBUTES = (Public, ); }; };
		AC1E16FB221030EC003100AF /* NSMutableData+SMB.h in Headers */ = {isa = PBXBuildFile; fileRef = 119E720918E42FDE00B73C09 /* NSMutableData+SMB.h */; settings = {ATTRIBUTES = (Public, ); }; };
		AC1E16FC221030EC003100AF /* SMB4iOSAsyncUdpSocket.h in Headers */ = {isa = PBXBuildFile; fileRef = AC1E167022102604003100AF /* SMB4iOSAsyncUdpSocket.h */; settings = {ATTRIBUTES = (Public, ); }; };
		AC1E16FD221030EC003100AF /* SocketConnection.h in Headers */ = {isa = PBXBuildFile; fileRef = 1194217D18E018A40051474A /* SocketConnection.h */; settings = {ATTRIBUTES = (Public, ); }; };
		AC1E16FE221030EC003100AF /* Utils.h in Headers */ = {isa = PBXBuildFile; fileRef = 1194217F18E018A40051474A /* Utils.h */; settings = {ATTRIBUTES = (Public, ); }; };
		AC620A9F2210398C0070A1FA /* SmbConnection.m in Sources */ = {isa = PBXBuildFile; fileRef = 119E721518E42FDE00B73C09 /* SmbConnection.m */; };
		AC620AA0221039940070A1FA /* NetBios.m in Sources */ = {isa = PBXBuildFile; fileRef = 119E720618E42FDE00B73C09 /* NetBios.m */; };
		AC620AA1221039940070A1FA /* NetBiosQuery.m in Sources */ = {isa = PBXBuildFile; fileRef = 119E720818E42FDE00B73C09 /* NetBiosQuery.m */; };
		AC620AA2221039990070A1FA /* RapMessage.m in Sources */ = {isa = PBXBuildFile; fileRef = 119E720D18E42FDE00B73C09 /* RapMessage.m */; };
		AC620AA3221039990070A1FA /* RapNetServerEnum2.m in Sources */ = {isa = PBXBuildFile; fileRef = 119E720F18E42FDE00B73C09 /* RapNetServerEnum2.m */; };
		AC620AA4221039990070A1FA /* RapNetServerInfo1.m in Sources */ = {isa = PBXBuildFile; fileRef = 119E721118E42FDE00B73C09 /* RapNetServerInfo1.m */; };
		AC620AA5221039A70070A1FA /* DceRpcBind.m in Sources */ = {isa = PBXBuildFile; fileRef = 119E71EA18E42FDE00B73C09 /* DceRpcBind.m */; };
		AC620AA6221039A70070A1FA /* DceRpcClosePrinter.m in Sources */ = {isa = PBXBuildFile; fileRef = 119E71EC18E42FDE00B73C09 /* DceRpcClosePrinter.m */; };
		AC620AA7221039A70070A1FA /* DceRpcData.m in Sources */ = {isa = PBXBuildFile; fileRef = 119E71EE18E42FDE00B73C09 /* DceRpcData.m */; };
		AC620AA8221039A70070A1FA /* DceRpcEndDocPrinter.m in Sources */ = {isa = PBXBuildFile; fileRef = 119E71F118E42FDE00B73C09 /* DceRpcEndDocPrinter.m */; };
		AC620AA9221039A70070A1FA /* DceRpcEnumAll.m in Sources */ = {isa = PBXBuildFile; fileRef = 119E71F318E42FDE00B73C09 /* DceRpcEnumAll.m */; };
		AC620AAA221039A70070A1FA /* DceRpcGetPrinter.m in Sources */ = {isa = PBXBuildFile; fileRef = 119E71F518E42FDE00B73C09 /* DceRpcGetPrinter.m */; };
		AC620AAB221039A70070A1FA /* DceRpcMessage.m in Sources */ = {isa = PBXBuildFile; fileRef = 119E71F718E42FDE00B73C09 /* DceRpcMessage.m */; };
		AC620AAC221039A70070A1FA /* DceRpcOpenPrinterEx.m in Sources */ = {isa = PBXBuildFile; fileRef = 119E71FB18E42FDE00B73C09 /* DceRpcOpenPrinterEx.m */; };
		AC620AAD221039A70070A1FA /* DceRpcPrinterInfo2.m in Sources */ = {isa = PBXBuildFile; fileRef = 119E71FD18E42FDE00B73C09 /* DceRpcPrinterInfo2.m */; };
		AC620AAE221039A70070A1FA /* DceRpcStartDocPrinter.m in Sources */ = {isa = PBXBuildFile; fileRef = 119E71FF18E42FDE00B73C09 /* DceRpcStartDocPrinter.m */; };
		AC620AAF221039A70070A1FA /* DceRpcWritePrinter.m in Sources */ = {isa = PBXBuildFile; fileRef = 119E720118E42FDE00B73C09 /* DceRpcWritePrinter.m */; };
		AC620AB0221039B80070A1FA /* SmbLogoffMessage.m in Sources */ = {isa = PBXBuildFile; fileRef = 119E721A18E42FDE00B73C09 /* SmbLogoffMessage.m */; };
		AC620AB1221039B80070A1FA /* SmbMessage.m in Sources */ = {isa = PBXBuildFile; fileRef = 119E721C18E42FDE00B73C09 /* SmbMessage.m */; };
		AC620AB2221039B80070A1FA /* SmbNegotiateProtocolMessage.m in Sources */ = {isa = PBXBuildFile; fileRef = 119E721E18E42FDE00B73C09 /* SmbNegotiateProtocolMessage.m */; };
		AC620AB3221039B80070A1FA /* SmbNtCreateMessage.m in Sources */ = {isa = PBXBuildFile; fileRef = 119E722018E42FDE00B73C09 /* SmbNtCreateMessage.m */; };
		AC620AB4221039B80070A1FA /* SmbReadMessage.m in Sources */ = {isa = PBXBuildFile; fileRef = 119E722218E42FDE00B73C09 /* SmbReadMessage.m */; };
		AC620AB5221039B80070A1FA /* SmbSessionSetupMessage.m in Sources */ = {isa = PBXBuildFile; fileRef = 119E722418E42FDE00B73C09 /* SmbSessionSetupMessage.m */; };
		AC620AB6221039B80070A1FA /* SmbTransactionMessage.m in Sources */ = {isa = PBXBuildFile; fileRef = 119E722618E42FDE00B73C09 /* SmbTransactionMessage.m */; };
		AC620AB7221039B80070A1FA /* SmbTreeConnectMessage.m in Sources */ = {isa = PBXBuildFile; fileRef = 119E722818E42FDE00B73C09 /* SmbTreeConnectMessage.m */; };
		AC620AB8221039B80070A1FA /* SmbTreeDisconnectMessage.m in Sources */ = {isa = PBXBuildFile; fileRef = 119E722A18E42FDE00B73C09 /* SmbTreeDisconnectMessage.m */; };
		AC620AB9221039B80070A1FA /* SmbWriteMessage.m in Sources */ = {isa = PBXBuildFile; fileRef = 119E722C18E42FDE00B73C09 /* SmbWriteMessage.m */; };
		AC620ABA221039B80070A1FA /* SmbCloseMessage.m in Sources */ = {isa = PBXBuildFile; fileRef = 119E721318E42FDE00B73C09 /* SmbCloseMessage.m */; };
		AC620ABB221039B80070A1FA /* NbtConnection.m in Sources */ = {isa = PBXBuildFile; fileRef = 119E720318E42FDE00B73C09 /* NbtConnection.m */; };
		AC620ABC221039B80070A1FA /* NSMutableData+SMB.m in Sources */ = {isa = PBXBuildFile; fileRef = 119E720A18E42FDE00B73C09 /* NSMutableData+SMB.m */; };
		AC620ABD221039B80070A1FA /* SMB4iOSAsyncUdpSocket.m in Sources */ = {isa = PBXBuildFile; fileRef = AC1E166F22102604003100AF /* SMB4iOSAsyncUdpSocket.m */; };
		AC620ABE221039B80070A1FA /* SocketConnection.m in Sources */ = {isa = PBXBuildFile; fileRef = 1194217E18E018A40051474A /* SocketConnection.m */; };
		AC620ABF221039B80070A1FA /* Utils.m in Sources */ = {isa = PBXBuildFile; fileRef = 1194218018E018A40051474A /* Utils.m */; };
		AC620AC0221039C90070A1FA /* des.c in Sources */ = {isa = PBXBuildFile; fileRef = AC1E166B22102326003100AF /* des.c */; };
		AC620AC1221039C90070A1FA /* md4.c in Sources */ = {isa = PBXBuildFile; fileRef = AC1E166922102326003100AF /* md4.c */; };
		AC620AC2221039C90070A1FA /* smbencrypt.c in Sources */ = {isa = PBXBuildFile; fileRef = AC1E166322102287003100AF /* smbencrypt.c */; };
		AC620AC3221039C90070A1FA /* smbutil.c in Sources */ = {isa = PBXBuildFile; fileRef = AC1E166422102287003100AF /* smbutil.c */; };
/* End PBXBuildFile section */

/* Begin PBXContainerItemProxy section */
		AC1E16D322102FFC003100AF /* PBXContainerItemProxy */ = {
			isa = PBXContainerItemProxy;
			containerPortal = 119420C918E015F10051474A /* Project object */;
			proxyType = 1;
			remoteGlobalIDString = AC1E16CD22102FFC003100AF;
			remoteInfo = SMB4iOSFramework;
		};
/* End PBXContainerItemProxy section */

/* Begin PBXCopyFilesBuildPhase section */
		AC1E16DA22102FFC003100AF /* Embed Frameworks */ = {
			isa = PBXCopyFilesBuildPhase;
			buildActionMask = 2147483647;
			dstPath = "";
			dstSubfolderSpec = 10;
			files = (
				AC1E16D622102FFC003100AF /* SMB4iOSFramework.framework in Embed Frameworks */,
			);
			name = "Embed Frameworks";
			runOnlyForDeploymentPostprocessing = 0;
		};
/* End PBXCopyFilesBuildPhase section */

/* Begin PBXFileReference section */
		119420D118E015F10051474A /* smb4ios.app */ = {isa = PBXFileReference; explicitFileType = wrapper.application; includeInIndex = 0; path = smb4ios.app; sourceTree = BUILT_PRODUCTS_DIR; };
		119420D418E015F10051474A /* Foundation.framework */ = {isa = PBXFileReference; lastKnownFileType = wrapper.framework; name = Foundation.framework; path = System/Library/Frameworks/Foundation.framework; sourceTree = SDKROOT; };
		119420D618E015F10051474A /* CoreGraphics.framework */ = {isa = PBXFileReference; lastKnownFileType = wrapper.framework; name = CoreGraphics.framework; path = System/Library/Frameworks/CoreGraphics.framework; sourceTree = SDKROOT; };
		119420D818E015F10051474A /* UIKit.framework */ = {isa = PBXFileReference; lastKnownFileType = wrapper.framework; name = UIKit.framework; path = System/Library/Frameworks/UIKit.framework; sourceTree = SDKROOT; };
		119420F318E015F10051474A /* XCTest.framework */ = {isa = PBXFileReference; lastKnownFileType = wrapper.framework; name = XCTest.framework; path = Library/Frameworks/XCTest.framework; sourceTree = DEVELOPER_DIR; };
		1194210918E0170A0051474A /* AppDelegate.h */ = {isa = PBXFileReference; fileEncoding = 4; lastKnownFileType = sourcecode.c.h; path = AppDelegate.h; sourceTree = SOURCE_ROOT; };
		1194210A18E0170A0051474A /* AppDelegate.m */ = {isa = PBXFileReference; fileEncoding = 4; lastKnownFileType = sourcecode.c.objc; path = AppDelegate.m; sourceTree = SOURCE_ROOT; };
		1194210B18E0170A0051474A /* readme.txt */ = {isa = PBXFileReference; fileEncoding = 4; lastKnownFileType = text; path = readme.txt; sourceTree = SOURCE_ROOT; };
		1194211118E017340051474A /* main.m */ = {isa = PBXFileReference; fileEncoding = 4; lastKnownFileType = sourcecode.c.objc; path = main.m; sourceTree = SOURCE_ROOT; };
		1194211218E017340051474A /* smb4ios-Info.plist */ = {isa = PBXFileReference; fileEncoding = 4; lastKnownFileType = text.plist.xml; path = "smb4ios-Info.plist"; sourceTree = SOURCE_ROOT; };
		1194211318E017340051474A /* smb4ios-Prefix.pch */ = {isa = PBXFileReference; fileEncoding = 4; lastKnownFileType = sourcecode.c.h; path = "smb4ios-Prefix.pch"; sourceTree = SOURCE_ROOT; };
		1194217D18E018A40051474A /* SocketConnection.h */ = {isa = PBXFileReference; fileEncoding = 4; lastKnownFileType = sourcecode.c.h; path = SocketConnection.h; sourceTree = "<group>"; };
		1194217E18E018A40051474A /* SocketConnection.m */ = {isa = PBXFileReference; fileEncoding = 4; lastKnownFileType = sourcecode.c.objc; path = SocketConnection.m; sourceTree = "<group>"; };
		1194217F18E018A40051474A /* Utils.h */ = {isa = PBXFileReference; fileEncoding = 4; lastKnownFileType = sourcecode.c.h; path = Utils.h; sourceTree = "<group>"; };
		1194218018E018A40051474A /* Utils.m */ = {isa = PBXFileReference; fileEncoding = 4; lastKnownFileType = sourcecode.c.objc; path = Utils.m; sourceTree = "<group>"; };
		1194218818E01CD10051474A /* ntlm.h */ = {isa = PBXFileReference; fileEncoding = 4; lastKnownFileType = sourcecode.c.h; path = ntlm.h; sourceTree = "<group>"; };
		1194218E18E01D6A0051474A /* ExtensionViewControllers.h */ = {isa = PBXFileReference; fileEncoding = 4; lastKnownFileType = sourcecode.c.h; path = ExtensionViewControllers.h; sourceTree = "<group>"; };
		1194218F18E01D6A0051474A /* ExtensionViewControllers.m */ = {isa = PBXFileReference; fileEncoding = 4; lastKnownFileType = sourcecode.c.objc; path = ExtensionViewControllers.m; sourceTree = "<group>"; };
		1194219018E01D6A0051474A /* RootController.h */ = {isa = PBXFileReference; fileEncoding = 4; lastKnownFileType = sourcecode.c.h; path = RootController.h; sourceTree = "<group>"; };
		1194219118E01D6A0051474A /* RootController.m */ = {isa = PBXFileReference; fileEncoding = 4; lastKnownFileType = sourcecode.c.objc; path = RootController.m; sourceTree = "<group>"; };
		1194219218E01D6A0051474A /* UIViewSizeShortcuts.h */ = {isa = PBXFileReference; fileEncoding = 4; lastKnownFileType = sourcecode.c.h; path = UIViewSizeShortcuts.h; sourceTree = "<group>"; };
		1194219318E01D6A0051474A /* UIViewSizeShortcuts.m */ = {isa = PBXFileReference; fileEncoding = 4; lastKnownFileType = sourcecode.c.objc; path = UIViewSizeShortcuts.m; sourceTree = "<group>"; };
		1194219718E01EB70051474A /* ServersController.h */ = {isa = PBXFileReference; fileEncoding = 4; lastKnownFileType = sourcecode.c.h; path = ServersController.h; sourceTree = "<group>"; };
		1194219818E01EB70051474A /* ServersController.m */ = {isa = PBXFileReference; fileEncoding = 4; lastKnownFileType = sourcecode.c.objc; path = ServersController.m; sourceTree = "<group>"; };
		1194219A18E01EC10051474A /* SharesController.h */ = {isa = PBXFileReference; fileEncoding = 4; lastKnownFileType = sourcecode.c.h; path = SharesController.h; sourceTree = "<group>"; };
		1194219B18E01EC10051474A /* SharesController.m */ = {isa = PBXFileReference; fileEncoding = 4; lastKnownFileType = sourcecode.c.objc; path = SharesController.m; sourceTree = "<group>"; };
		1194219D18E024610051474A /* PrinterController.h */ = {isa = PBXFileReference; fileEncoding = 4; lastKnownFileType = sourcecode.c.h; path = PrinterController.h; sourceTree = "<group>"; };
		1194219E18E024610051474A /* PrinterController.m */ = {isa = PBXFileReference; fileEncoding = 4; lastKnownFileType = sourcecode.c.objc; path = PrinterController.m; sourceTree = "<group>"; };
		119E71E818E42FDE00B73C09 /* DceRpc.h */ = {isa = PBXFileReference; fileEncoding = 4; lastKnownFileType = sourcecode.c.h; path = DceRpc.h; sourceTree = "<group>"; };
		119E71E918E42FDE00B73C09 /* DceRpcBind.h */ = {isa = PBXFileReference; fileEncoding = 4; lastKnownFileType = sourcecode.c.h; path = DceRpcBind.h; sourceTree = "<group>"; };
		119E71EA18E42FDE00B73C09 /* DceRpcBind.m */ = {isa = PBXFileReference; fileEncoding = 4; lastKnownFileType = sourcecode.c.objc; path = DceRpcBind.m; sourceTree = "<group>"; };
		119E71EB18E42FDE00B73C09 /* DceRpcClosePrinter.h */ = {isa = PBXFileReference; fileEncoding = 4; lastKnownFileType = sourcecode.c.h; path = DceRpcClosePrinter.h; sourceTree = "<group>"; };
		119E71EC18E42FDE00B73C09 /* DceRpcClosePrinter.m */ = {isa = PBXFileReference; fileEncoding = 4; lastKnownFileType = sourcecode.c.objc; path = DceRpcClosePrinter.m; sourceTree = "<group>"; };
		119E71ED18E42FDE00B73C09 /* DceRpcData.h */ = {isa = PBXFileReference; fileEncoding = 4; lastKnownFileType = sourcecode.c.h; path = DceRpcData.h; sourceTree = "<group>"; };
		119E71EE18E42FDE00B73C09 /* DceRpcData.m */ = {isa = PBXFileReference; fileEncoding = 4; lastKnownFileType = sourcecode.c.objc; path = DceRpcData.m; sourceTree = "<group>"; };
		119E71EF18E42FDE00B73C09 /* DceRpcDefines.h */ = {isa = PBXFileReference; fileEncoding = 4; lastKnownFileType = sourcecode.c.h; path = DceRpcDefines.h; sourceTree = "<group>"; };
		119E71F018E42FDE00B73C09 /* DceRpcEndDocPrinter.h */ = {isa = PBXFileReference; fileEncoding = 4; lastKnownFileType = sourcecode.c.h; path = DceRpcEndDocPrinter.h; sourceTree = "<group>"; };
		119E71F118E42FDE00B73C09 /* DceRpcEndDocPrinter.m */ = {isa = PBXFileReference; fileEncoding = 4; lastKnownFileType = sourcecode.c.objc; path = DceRpcEndDocPrinter.m; sourceTree = "<group>"; };
		119E71F218E42FDE00B73C09 /* DceRpcEnumAll.h */ = {isa = PBXFileReference; fileEncoding = 4; lastKnownFileType = sourcecode.c.h; path = DceRpcEnumAll.h; sourceTree = "<group>"; };
		119E71F318E42FDE00B73C09 /* DceRpcEnumAll.m */ = {isa = PBXFileReference; fileEncoding = 4; lastKnownFileType = sourcecode.c.objc; path = DceRpcEnumAll.m; sourceTree = "<group>"; };
		119E71F418E42FDE00B73C09 /* DceRpcGetPrinter.h */ = {isa = PBXFileReference; fileEncoding = 4; lastKnownFileType = sourcecode.c.h; path = DceRpcGetPrinter.h; sourceTree = "<group>"; };
		119E71F518E42FDE00B73C09 /* DceRpcGetPrinter.m */ = {isa = PBXFileReference; fileEncoding = 4; lastKnownFileType = sourcecode.c.objc; path = DceRpcGetPrinter.m; sourceTree = "<group>"; };
		119E71F618E42FDE00B73C09 /* DceRpcMessage.h */ = {isa = PBXFileReference; fileEncoding = 4; lastKnownFileType = sourcecode.c.h; path = DceRpcMessage.h; sourceTree = "<group>"; };
		119E71F718E42FDE00B73C09 /* DceRpcMessage.m */ = {isa = PBXFileReference; fileEncoding = 4; lastKnownFileType = sourcecode.c.objc; path = DceRpcMessage.m; sourceTree = "<group>"; };
		119E71FA18E42FDE00B73C09 /* DceRpcOpenPrinterEx.h */ = {isa = PBXFileReference; fileEncoding = 4; lastKnownFileType = sourcecode.c.h; path = DceRpcOpenPrinterEx.h; sourceTree = "<group>"; };
		119E71FB18E42FDE00B73C09 /* DceRpcOpenPrinterEx.m */ = {isa = PBXFileReference; fileEncoding = 4; lastKnownFileType = sourcecode.c.objc; path = DceRpcOpenPrinterEx.m; sourceTree = "<group>"; };
		119E71FC18E42FDE00B73C09 /* DceRpcPrinterInfo2.h */ = {isa = PBXFileReference; fileEncoding = 4; lastKnownFileType = sourcecode.c.h; path = DceRpcPrinterInfo2.h; sourceTree = "<group>"; };
		119E71FD18E42FDE00B73C09 /* DceRpcPrinterInfo2.m */ = {isa = PBXFileReference; fileEncoding = 4; lastKnownFileType = sourcecode.c.objc; path = DceRpcPrinterInfo2.m; sourceTree = "<group>"; };
		119E71FE18E42FDE00B73C09 /* DceRpcStartDocPrinter.h */ = {isa = PBXFileReference; fileEncoding = 4; lastKnownFileType = sourcecode.c.h; path = DceRpcStartDocPrinter.h; sourceTree = "<group>"; };
		119E71FF18E42FDE00B73C09 /* DceRpcStartDocPrinter.m */ = {isa = PBXFileReference; fileEncoding = 4; lastKnownFileType = sourcecode.c.objc; path = DceRpcStartDocPrinter.m; sourceTree = "<group>"; };
		119E720018E42FDE00B73C09 /* DceRpcWritePrinter.h */ = {isa = PBXFileReference; fileEncoding = 4; lastKnownFileType = sourcecode.c.h; path = DceRpcWritePrinter.h; sourceTree = "<group>"; };
		119E720118E42FDE00B73C09 /* DceRpcWritePrinter.m */ = {isa = PBXFileReference; fileEncoding = 4; lastKnownFileType = sourcecode.c.objc; path = DceRpcWritePrinter.m; sourceTree = "<group>"; };
		119E720218E42FDE00B73C09 /* NbtConnection.h */ = {isa = PBXFileReference; fileEncoding = 4; lastKnownFileType = sourcecode.c.h; path = NbtConnection.h; sourceTree = "<group>"; };
		119E720318E42FDE00B73C09 /* NbtConnection.m */ = {isa = PBXFileReference; fileEncoding = 4; lastKnownFileType = sourcecode.c.objc; path = NbtConnection.m; sourceTree = "<group>"; };
		119E720518E42FDE00B73C09 /* NetBios.h */ = {isa = PBXFileReference; fileEncoding = 4; lastKnownFileType = sourcecode.c.h; path = NetBios.h; sourceTree = "<group>"; };
		119E720618E42FDE00B73C09 /* NetBios.m */ = {isa = PBXFileReference; fileEncoding = 4; lastKnownFileType = sourcecode.c.objc; path = NetBios.m; sourceTree = "<group>"; };
		119E720718E42FDE00B73C09 /* NetBiosQuery.h */ = {isa = PBXFileReference; fileEncoding = 4; lastKnownFileType = sourcecode.c.h; path = NetBiosQuery.h; sourceTree = "<group>"; };
		119E720818E42FDE00B73C09 /* NetBiosQuery.m */ = {isa = PBXFileReference; fileEncoding = 4; lastKnownFileType = sourcecode.c.objc; path = NetBiosQuery.m; sourceTree = "<group>"; };
		119E720918E42FDE00B73C09 /* NSMutableData+SMB.h */ = {isa = PBXFileReference; fileEncoding = 4; lastKnownFileType = sourcecode.c.h; path = "NSMutableData+SMB.h"; sourceTree = "<group>"; };
		119E720A18E42FDE00B73C09 /* NSMutableData+SMB.m */ = {isa = PBXFileReference; fileEncoding = 4; lastKnownFileType = sourcecode.c.objc; path = "NSMutableData+SMB.m"; sourceTree = "<group>"; };
		119E720C18E42FDE00B73C09 /* RapMessage.h */ = {isa = PBXFileReference; fileEncoding = 4; lastKnownFileType = sourcecode.c.h; path = RapMessage.h; sourceTree = "<group>"; };
		119E720D18E42FDE00B73C09 /* RapMessage.m */ = {isa = PBXFileReference; fileEncoding = 4; lastKnownFileType = sourcecode.c.objc; path = RapMessage.m; sourceTree = "<group>"; };
		119E720E18E42FDE00B73C09 /* RapNetServerEnum2.h */ = {isa = PBXFileReference; fileEncoding = 4; lastKnownFileType = sourcecode.c.h; path = RapNetServerEnum2.h; sourceTree = "<group>"; };
		119E720F18E42FDE00B73C09 /* RapNetServerEnum2.m */ = {isa = PBXFileReference; fileEncoding = 4; lastKnownFileType = sourcecode.c.objc; path = RapNetServerEnum2.m; sourceTree = "<group>"; };
		119E721018E42FDE00B73C09 /* RapNetServerInfo1.h */ = {isa = PBXFileReference; fileEncoding = 4; lastKnownFileType = sourcecode.c.h; path = RapNetServerInfo1.h; sourceTree = "<group>"; };
		119E721118E42FDE00B73C09 /* RapNetServerInfo1.m */ = {isa = PBXFileReference; fileEncoding = 4; lastKnownFileType = sourcecode.c.objc; path = RapNetServerInfo1.m; sourceTree = "<group>"; };
		119E721218E42FDE00B73C09 /* SmbCloseMessage.h */ = {isa = PBXFileReference; fileEncoding = 4; lastKnownFileType = sourcecode.c.h; path = SmbCloseMessage.h; sourceTree = "<group>"; };
		119E721318E42FDE00B73C09 /* SmbCloseMessage.m */ = {isa = PBXFileReference; fileEncoding = 4; lastKnownFileType = sourcecode.c.objc; path = SmbCloseMessage.m; sourceTree = "<group>"; };
		119E721418E42FDE00B73C09 /* SmbConnection.h */ = {isa = PBXFileReference; fileEncoding = 4; lastKnownFileType = sourcecode.c.h; path = SmbConnection.h; sourceTree = "<group>"; };
		119E721518E42FDE00B73C09 /* SmbConnection.m */ = {isa = PBXFileReference; fileEncoding = 4; lastKnownFileType = sourcecode.c.objc; path = SmbConnection.m; sourceTree = "<group>"; };
		119E721618E42FDE00B73C09 /* SmbDefines.h */ = {isa = PBXFileReference; fileEncoding = 4; lastKnownFileType = sourcecode.c.h; path = SmbDefines.h; sourceTree = "<group>"; };
		119E721918E42FDE00B73C09 /* SmbLogoffMessage.h */ = {isa = PBXFileReference; fileEncoding = 4; lastKnownFileType = sourcecode.c.h; path = SmbLogoffMessage.h; sourceTree = "<group>"; };
		119E721A18E42FDE00B73C09 /* SmbLogoffMessage.m */ = {isa = PBXFileReference; fileEncoding = 4; lastKnownFileType = sourcecode.c.objc; path = SmbLogoffMessage.m; sourceTree = "<group>"; };
		119E721B18E42FDE00B73C09 /* SmbMessage.h */ = {isa = PBXFileReference; fileEncoding = 4; lastKnownFileType = sourcecode.c.h; path = SmbMessage.h; sourceTree = "<group>"; };
		119E721C18E42FDE00B73C09 /* SmbMessage.m */ = {isa = PBXFileReference; fileEncoding = 4; lastKnownFileType = sourcecode.c.objc; path = SmbMessage.m; sourceTree = "<group>"; };
		119E721D18E42FDE00B73C09 /* SmbNegotiateProtocolMessage.h */ = {isa = PBXFileReference; fileEncoding = 4; lastKnownFileType = sourcecode.c.h; path = SmbNegotiateProtocolMessage.h; sourceTree = "<group>"; };
		119E721E18E42FDE00B73C09 /* SmbNegotiateProtocolMessage.m */ = {isa = PBXFileReference; fileEncoding = 4; lastKnownFileType = sourcecode.c.objc; path = SmbNegotiateProtocolMessage.m; sourceTree = "<group>"; };
		119E721F18E42FDE00B73C09 /* SmbNtCreateMessage.h */ = {isa = PBXFileReference; fileEncoding = 4; lastKnownFileType = sourcecode.c.h; path = SmbNtCreateMessage.h; sourceTree = "<group>"; };
		119E722018E42FDE00B73C09 /* SmbNtCreateMessage.m */ = {isa = PBXFileReference; fileEncoding = 4; lastKnownFileType = sourcecode.c.objc; path = SmbNtCreateMessage.m; sourceTree = "<group>"; };
		119E722118E42FDE00B73C09 /* SmbReadMessage.h */ = {isa = PBXFileReference; fileEncoding = 4; lastKnownFileType = sourcecode.c.h; path = SmbReadMessage.h; sourceTree = "<group>"; };
		119E722218E42FDE00B73C09 /* SmbReadMessage.m */ = {isa = PBXFileReference; fileEncoding = 4; lastKnownFileType = sourcecode.c.objc; path = SmbReadMessage.m; sourceTree = "<group>"; };
		119E722318E42FDE00B73C09 /* SmbSessionSetupMessage.h */ = {isa = PBXFileReference; fileEncoding = 4; lastKnownFileType = sourcecode.c.h; path = SmbSessionSetupMessage.h; sourceTree = "<group>"; };
		119E722418E42FDE00B73C09 /* SmbSessionSetupMessage.m */ = {isa = PBXFileReference; fileEncoding = 4; lastKnownFileType = sourcecode.c.objc; path = SmbSessionSetupMessage.m; sourceTree = "<group>"; };
		119E722518E42FDE00B73C09 /* SmbTransactionMessage.h */ = {isa = PBXFileReference; fileEncoding = 4; lastKnownFileType = sourcecode.c.h; path = SmbTransactionMessage.h; sourceTree = "<group>"; };
		119E722618E42FDE00B73C09 /* SmbTransactionMessage.m */ = {isa = PBXFileReference; fileEncoding = 4; lastKnownFileType = sourcecode.c.objc; path = SmbTransactionMessage.m; sourceTree = "<group>"; };
		119E722718E42FDE00B73C09 /* SmbTreeConnectMessage.h */ = {isa = PBXFileReference; fileEncoding = 4; lastKnownFileType = sourcecode.c.h; path = SmbTreeConnectMessage.h; sourceTree = "<group>"; };
		119E722818E42FDE00B73C09 /* SmbTreeConnectMessage.m */ = {isa = PBXFileReference; fileEncoding = 4; lastKnownFileType = sourcecode.c.objc; path = SmbTreeConnectMessage.m; sourceTree = "<group>"; };
		119E722918E42FDE00B73C09 /* SmbTreeDisconnectMessage.h */ = {isa = PBXFileReference; fileEncoding = 4; lastKnownFileType = sourcecode.c.h; path = SmbTreeDisconnectMessage.h; sourceTree = "<group>"; };
		119E722A18E42FDE00B73C09 /* SmbTreeDisconnectMessage.m */ = {isa = PBXFileReference; fileEncoding = 4; lastKnownFileType = sourcecode.c.objc; path = SmbTreeDisconnectMessage.m; sourceTree = "<group>"; };
		119E722B18E42FDE00B73C09 /* SmbWriteMessage.h */ = {isa = PBXFileReference; fileEncoding = 4; lastKnownFileType = sourcecode.c.h; path = SmbWriteMessage.h; sourceTree = "<group>"; };
		119E722C18E42FDE00B73C09 /* SmbWriteMessage.m */ = {isa = PBXFileReference; fileEncoding = 4; lastKnownFileType = sourcecode.c.objc; path = SmbWriteMessage.m; sourceTree = "<group>"; };
		119E724D18E430FD00B73C09 /* LoginController.h */ = {isa = PBXFileReference; fileEncoding = 4; lastKnownFileType = sourcecode.c.h; path = LoginController.h; sourceTree = "<group>"; };
		119E724E18E430FD00B73C09 /* LoginController.m */ = {isa = PBXFileReference; fileEncoding = 4; lastKnownFileType = sourcecode.c.objc; path = LoginController.m; sourceTree = "<group>"; };
		AC1E166322102287003100AF /* smbencrypt.c */ = {isa = PBXFileReference; fileEncoding = 4; lastKnownFileType = sourcecode.c.c; path = smbencrypt.c; sourceTree = "<group>"; };
		AC1E166422102287003100AF /* smbutil.c */ = {isa = PBXFileReference; fileEncoding = 4; lastKnownFileType = sourcecode.c.c; path = smbutil.c; sourceTree = "<group>"; };
		AC1E1667221022D4003100AF /* config.h */ = {isa = PBXFileReference; fileEncoding = 4; lastKnownFileType = sourcecode.c.h; path = config.h; sourceTree = "<group>"; };
		AC1E166822102325003100AF /* des.h */ = {isa = PBXFileReference; fileEncoding = 4; lastKnownFileType = sourcecode.c.h; path = des.h; sourceTree = "<group>"; };
		AC1E166922102326003100AF /* md4.c */ = {isa = PBXFileReference; fileEncoding = 4; lastKnownFileType = sourcecode.c.c; path = md4.c; sourceTree = "<group>"; };
		AC1E166A22102326003100AF /* md4.h */ = {isa = PBXFileReference; fileEncoding = 4; lastKnownFileType = sourcecode.c.h; path = md4.h; sourceTree = "<group>"; };
		AC1E166B22102326003100AF /* des.c */ = {isa = PBXFileReference; fileEncoding = 4; lastKnownFileType = sourcecode.c.c; path = des.c; sourceTree = "<group>"; };
		AC1E166E2210233B003100AF /* byteswap.h */ = {isa = PBXFileReference; lastKnownFileType = sourcecode.c.h; path = byteswap.h; sourceTree = "<group>"; };
		AC1E166F22102604003100AF /* SMB4iOSAsyncUdpSocket.m */ = {isa = PBXFileReference; fileEncoding = 4; lastKnownFileType = sourcecode.c.objc; path = SMB4iOSAsyncUdpSocket.m; sourceTree = "<group>"; };
		AC1E167022102604003100AF /* SMB4iOSAsyncUdpSocket.h */ = {isa = PBXFileReference; fileEncoding = 4; lastKnownFileType = sourcecode.c.h; path = SMB4iOSAsyncUdpSocket.h; sourceTree = "<group>"; };
		AC1E16CE22102FFC003100AF /* SMB4iOSFramework.framework */ = {isa = PBXFileReference; explicitFileType = wrapper.framework; includeInIndex = 0; path = SMB4iOSFramework.framework; sourceTree = BUILT_PRODUCTS_DIR; };
		AC1E16D022102FFC003100AF /* SMB4iOSFramework.h */ = {isa = PBXFileReference; lastKnownFileType = sourcecode.c.h; path = SMB4iOSFramework.h; sourceTree = "<group>"; };
		AC1E16D122102FFC003100AF /* Info.plist */ = {isa = PBXFileReference; lastKnownFileType = text.plist.xml; path = Info.plist; sourceTree = "<group>"; };
/* End PBXFileReference section */

/* Begin PBXFrameworksBuildPhase section */
		119420CE18E015F10051474A /* Frameworks */ = {
			isa = PBXFrameworksBuildPhase;
			buildActionMask = 2147483647;
			files = (
				119420D718E015F10051474A /* CoreGraphics.framework in Frameworks */,
				AC1E16D522102FFC003100AF /* SMB4iOSFramework.framework in Frameworks */,
				119420D918E015F10051474A /* UIKit.framework in Frameworks */,
				119420D518E015F10051474A /* Foundation.framework in Frameworks */,
			);
			runOnlyForDeploymentPostprocessing = 0;
		};
		AC1E16CB22102FFC003100AF /* Frameworks */ = {
			isa = PBXFrameworksBuildPhase;
			buildActionMask = 2147483647;
			files = (
			);
			runOnlyForDeploymentPostprocessing = 0;
		};
/* End PBXFrameworksBuildPhase section */

/* Begin PBXGroup section */
		119420C818E015F10051474A = {
			isa = PBXGroup;
			children = (
				1194210B18E0170A0051474A /* readme.txt */,
				119E71E618E42FDE00B73C09 /* SMB */,
				1194217A18E018A40051474A /* Common */,
				1194218618E01CD00051474A /* Lib */,
				1194218D18E01D6A0051474A /* UI */,
				119420DA18E015F10051474A /* smb4ios */,
				119420DB18E015F10051474A /* Supporting Files */,
				AC1E16CF22102FFC003100AF /* SMB4iOSFramework */,
				119420D318E015F10051474A /* Frameworks */,
				119420D218E015F10051474A /* Products */,
			);
			sourceTree = "<group>";
		};
		119420D218E015F10051474A /* Products */ = {
			isa = PBXGroup;
			children = (
				119420D118E015F10051474A /* smb4ios.app */,
				AC1E16CE22102FFC003100AF /* SMB4iOSFramework.framework */,
			);
			name = Products;
			sourceTree = "<group>";
		};
		119420D318E015F10051474A /* Frameworks */ = {
			isa = PBXGroup;
			children = (
				119420D418E015F10051474A /* Foundation.framework */,
				119420D618E015F10051474A /* CoreGraphics.framework */,
				119420D818E015F10051474A /* UIKit.framework */,
				119420F318E015F10051474A /* XCTest.framework */,
			);
			name = Frameworks;
			sourceTree = "<group>";
		};
		119420DA18E015F10051474A /* smb4ios */ = {
			isa = PBXGroup;
			children = (
				1194210918E0170A0051474A /* AppDelegate.h */,
				1194210A18E0170A0051474A /* AppDelegate.m */,
			);
			path = smb4ios;
			sourceTree = "<group>";
		};
		119420DB18E015F10051474A /* Supporting Files */ = {
			isa = PBXGroup;
			children = (
				1194211118E017340051474A /* main.m */,
				1194211218E017340051474A /* smb4ios-Info.plist */,
				1194211318E017340051474A /* smb4ios-Prefix.pch */,
			);
			name = "Supporting Files";
			path = smb4ios;
			sourceTree = "<group>";
		};
		1194217A18E018A40051474A /* Common */ = {
			isa = PBXGroup;
			children = (
				AC1E167022102604003100AF /* SMB4iOSAsyncUdpSocket.h */,
				AC1E166F22102604003100AF /* SMB4iOSAsyncUdpSocket.m */,
				1194217D18E018A40051474A /* SocketConnection.h */,
				1194217E18E018A40051474A /* SocketConnection.m */,
				1194217F18E018A40051474A /* Utils.h */,
				1194218018E018A40051474A /* Utils.m */,
			);
			path = Common;
			sourceTree = "<group>";
		};
		1194218618E01CD00051474A /* Lib */ = {
			isa = PBXGroup;
			children = (
				AC1E166E2210233B003100AF /* byteswap.h */,
				AC1E166B22102326003100AF /* des.c */,
				AC1E166822102325003100AF /* des.h */,
				AC1E166922102326003100AF /* md4.c */,
				AC1E166A22102326003100AF /* md4.h */,
				AC1E1667221022D4003100AF /* config.h */,
				AC1E166322102287003100AF /* smbencrypt.c */,
				AC1E166422102287003100AF /* smbutil.c */,
				1194218818E01CD10051474A /* ntlm.h */,
			);
			path = Lib;
			sourceTree = "<group>";
		};
		1194218D18E01D6A0051474A /* UI */ = {
			isa = PBXGroup;
			children = (
				1194219018E01D6A0051474A /* RootController.h */,
				1194219118E01D6A0051474A /* RootController.m */,
				1194219718E01EB70051474A /* ServersController.h */,
				1194219818E01EB70051474A /* ServersController.m */,
				119E724D18E430FD00B73C09 /* LoginController.h */,
				119E724E18E430FD00B73C09 /* LoginController.m */,
				1194219A18E01EC10051474A /* SharesController.h */,
				1194219B18E01EC10051474A /* SharesController.m */,
				1194219D18E024610051474A /* PrinterController.h */,
				1194219E18E024610051474A /* PrinterController.m */,
				1194218E18E01D6A0051474A /* ExtensionViewControllers.h */,
				1194218F18E01D6A0051474A /* ExtensionViewControllers.m */,
				1194219218E01D6A0051474A /* UIViewSizeShortcuts.h */,
				1194219318E01D6A0051474A /* UIViewSizeShortcuts.m */,
			);
			path = UI;
			sourceTree = "<group>";
		};
		119E71E618E42FDE00B73C09 /* SMB */ = {
			isa = PBXGroup;
			children = (
				119E720418E42FDE00B73C09 /* NetBIOS */,
				119E720B18E42FDE00B73C09 /* RAP */,
				119E71E718E42FDE00B73C09 /* DCERPC */,
				119E721418E42FDE00B73C09 /* SmbConnection.h */,
				119E721518E42FDE00B73C09 /* SmbConnection.m */,
				119E721618E42FDE00B73C09 /* SmbDefines.h */,
				119E721918E42FDE00B73C09 /* SmbLogoffMessage.h */,
				119E721A18E42FDE00B73C09 /* SmbLogoffMessage.m */,
				119E721B18E42FDE00B73C09 /* SmbMessage.h */,
				119E721C18E42FDE00B73C09 /* SmbMessage.m */,
				119E721D18E42FDE00B73C09 /* SmbNegotiateProtocolMessage.h */,
				119E721E18E42FDE00B73C09 /* SmbNegotiateProtocolMessage.m */,
				119E721F18E42FDE00B73C09 /* SmbNtCreateMessage.h */,
				119E722018E42FDE00B73C09 /* SmbNtCreateMessage.m */,
				119E722118E42FDE00B73C09 /* SmbReadMessage.h */,
				119E722218E42FDE00B73C09 /* SmbReadMessage.m */,
				119E722318E42FDE00B73C09 /* SmbSessionSetupMessage.h */,
				119E722418E42FDE00B73C09 /* SmbSessionSetupMessage.m */,
				119E722518E42FDE00B73C09 /* SmbTransactionMessage.h */,
				119E722618E42FDE00B73C09 /* SmbTransactionMessage.m */,
				119E722718E42FDE00B73C09 /* SmbTreeConnectMessage.h */,
				119E722818E42FDE00B73C09 /* SmbTreeConnectMessage.m */,
				119E722918E42FDE00B73C09 /* SmbTreeDisconnectMessage.h */,
				119E722A18E42FDE00B73C09 /* SmbTreeDisconnectMessage.m */,
				119E722B18E42FDE00B73C09 /* SmbWriteMessage.h */,
				119E722C18E42FDE00B73C09 /* SmbWriteMessage.m */,
				119E721218E42FDE00B73C09 /* SmbCloseMessage.h */,
				119E721318E42FDE00B73C09 /* SmbCloseMessage.m */,
				119E720218E42FDE00B73C09 /* NbtConnection.h */,
				119E720318E42FDE00B73C09 /* NbtConnection.m */,
				119E720918E42FDE00B73C09 /* NSMutableData+SMB.h */,
				119E720A18E42FDE00B73C09 /* NSMutableData+SMB.m */,
			);
			path = SMB;
			sourceTree = "<group>";
		};
		119E71E718E42FDE00B73C09 /* DCERPC */ = {
			isa = PBXGroup;
			children = (
				119E71E818E42FDE00B73C09 /* DceRpc.h */,
				119E71E918E42FDE00B73C09 /* DceRpcBind.h */,
				119E71EA18E42FDE00B73C09 /* DceRpcBind.m */,
				119E71EB18E42FDE00B73C09 /* DceRpcClosePrinter.h */,
				119E71EC18E42FDE00B73C09 /* DceRpcClosePrinter.m */,
				119E71ED18E42FDE00B73C09 /* DceRpcData.h */,
				119E71EE18E42FDE00B73C09 /* DceRpcData.m */,
				119E71EF18E42FDE00B73C09 /* DceRpcDefines.h */,
				119E71F018E42FDE00B73C09 /* DceRpcEndDocPrinter.h */,
				119E71F118E42FDE00B73C09 /* DceRpcEndDocPrinter.m */,
				119E71F218E42FDE00B73C09 /* DceRpcEnumAll.h */,
				119E71F318E42FDE00B73C09 /* DceRpcEnumAll.m */,
				119E71F418E42FDE00B73C09 /* DceRpcGetPrinter.h */,
				119E71F518E42FDE00B73C09 /* DceRpcGetPrinter.m */,
				119E71F618E42FDE00B73C09 /* DceRpcMessage.h */,
				119E71F718E42FDE00B73C09 /* DceRpcMessage.m */,
				119E71FA18E42FDE00B73C09 /* DceRpcOpenPrinterEx.h */,
				119E71FB18E42FDE00B73C09 /* DceRpcOpenPrinterEx.m */,
				119E71FC18E42FDE00B73C09 /* DceRpcPrinterInfo2.h */,
				119E71FD18E42FDE00B73C09 /* DceRpcPrinterInfo2.m */,
				119E71FE18E42FDE00B73C09 /* DceRpcStartDocPrinter.h */,
				119E71FF18E42FDE00B73C09 /* DceRpcStartDocPrinter.m */,
				119E720018E42FDE00B73C09 /* DceRpcWritePrinter.h */,
				119E720118E42FDE00B73C09 /* DceRpcWritePrinter.m */,
			);
			path = DCERPC;
			sourceTree = "<group>";
		};
		119E720418E42FDE00B73C09 /* NetBIOS */ = {
			isa = PBXGroup;
			children = (
				119E720518E42FDE00B73C09 /* NetBios.h */,
				119E720618E42FDE00B73C09 /* NetBios.m */,
				119E720718E42FDE00B73C09 /* NetBiosQuery.h */,
				119E720818E42FDE00B73C09 /* NetBiosQuery.m */,
			);
			path = NetBIOS;
			sourceTree = "<group>";
		};
		119E720B18E42FDE00B73C09 /* RAP */ = {
			isa = PBXGroup;
			children = (
				119E720C18E42FDE00B73C09 /* RapMessage.h */,
				119E720D18E42FDE00B73C09 /* RapMessage.m */,
				119E720E18E42FDE00B73C09 /* RapNetServerEnum2.h */,
				119E720F18E42FDE00B73C09 /* RapNetServerEnum2.m */,
				119E721018E42FDE00B73C09 /* RapNetServerInfo1.h */,
				119E721118E42FDE00B73C09 /* RapNetServerInfo1.m */,
			);
			path = RAP;
			sourceTree = "<group>";
		};
		AC1E16CF22102FFC003100AF /* SMB4iOSFramework */ = {
			isa = PBXGroup;
			children = (
				AC1E16D022102FFC003100AF /* SMB4iOSFramework.h */,
				AC1E16D122102FFC003100AF /* Info.plist */,
			);
			path = SMB4iOSFramework;
			sourceTree = "<group>";
		};
/* End PBXGroup section */

/* Begin PBXHeadersBuildPhase section */
		AC1E16C922102FFC003100AF /* Headers */ = {
			isa = PBXHeadersBuildPhase;
			buildActionMask = 2147483647;
			files = (
				AC1E16D222102FFC003100AF /* SMB4iOSFramework.h in Headers */,
				AC1E16DB221030EC003100AF /* NetBios.h in Headers */,
				AC1E16DC221030EC003100AF /* NetBiosQuery.h in Headers */,
				AC1E16DD221030EC003100AF /* RapMessage.h in Headers */,
				AC1E16DE221030EC003100AF /* RapNetServerEnum2.h in Headers */,
				AC1E16DF221030EC003100AF /* RapNetServerInfo1.h in Headers */,
				AC1E16E0221030EC003100AF /* DceRpc.h in Headers */,
				AC1E16E1221030EC003100AF /* DceRpcBind.h in Headers */,
				AC1E16E2221030EC003100AF /* DceRpcClosePrinter.h in Headers */,
				AC1E16E3221030EC003100AF /* DceRpcData.h in Headers */,
				AC1E16E4221030EC003100AF /* DceRpcDefines.h in Headers */,
				AC1E16E5221030EC003100AF /* DceRpcEndDocPrinter.h in Headers */,
				AC1E16E6221030EC003100AF /* DceRpcEnumAll.h in Headers */,
				AC1E16E7221030EC003100AF /* DceRpcGetPrinter.h in Headers */,
				AC1E16E8221030EC003100AF /* DceRpcMessage.h in Headers */,
				AC1E16E9221030EC003100AF /* DceRpcOpenPrinterEx.h in Headers */,
				AC1E16EA221030EC003100AF /* DceRpcPrinterInfo2.h in Headers */,
				AC1E16EB221030EC003100AF /* DceRpcStartDocPrinter.h in Headers */,
				AC1E16EC221030EC003100AF /* DceRpcWritePrinter.h in Headers */,
				AC1E16ED221030EC003100AF /* SmbConnection.h in Headers */,
				AC1E16EE221030EC003100AF /* SmbDefines.h in Headers */,
				AC1E16EF221030EC003100AF /* SmbLogoffMessage.h in Headers */,
				AC1E16F0221030EC003100AF /* SmbMessage.h in Headers */,
				AC1E16F1221030EC003100AF /* SmbNegotiateProtocolMessage.h in Headers */,
				AC1E16F2221030EC003100AF /* SmbNtCreateMessage.h in Headers */,
				AC1E16F3221030EC003100AF /* SmbReadMessage.h in Headers */,
				AC1E16F4221030EC003100AF /* SmbSessionSetupMessage.h in Headers */,
				AC1E16F5221030EC003100AF /* SmbTransactionMessage.h in Headers */,
				AC1E16F6221030EC003100AF /* SmbTreeConnectMessage.h in Headers */,
				AC1E16F7221030EC003100AF /* SmbTreeDisconnectMessage.h in Headers */,
				AC1E16F8221030EC003100AF /* SmbWriteMessage.h in Headers */,
				AC1E16F9221030EC003100AF /* SmbCloseMessage.h in Headers */,
				AC1E16FA221030EC003100AF /* NbtConnection.h in Headers */,
				AC1E16FB221030EC003100AF /* NSMutableData+SMB.h in Headers */,
				AC1E16FC221030EC003100AF /* SMB4iOSAsyncUdpSocket.h in Headers */,
				AC1E16FD221030EC003100AF /* SocketConnection.h in Headers */,
				AC1E16FE221030EC003100AF /* Utils.h in Headers */,
			);
			runOnlyForDeploymentPostprocessing = 0;
		};
/* End PBXHeadersBuildPhase section */

/* Begin PBXNativeTarget section */
		119420D018E015F10051474A /* smb4ios */ = {
			isa = PBXNativeTarget;
			buildConfigurationList = 1194210318E015F20051474A /* Build configuration list for PBXNativeTarget "smb4ios" */;
			buildPhases = (
				119420CD18E015F10051474A /* Sources */,
				119420CE18E015F10051474A /* Frameworks */,
				119420CF18E015F10051474A /* Resources */,
				AC1E16DA22102FFC003100AF /* Embed Frameworks */,
			);
			buildRules = (
			);
			dependencies = (
				AC1E16D422102FFC003100AF /* PBXTargetDependency */,
			);
			name = smb4ios;
			productName = smb4ios;
			productReference = 119420D118E015F10051474A /* smb4ios.app */;
			productType = "com.apple.product-type.application";
		};
		AC1E16CD22102FFC003100AF /* SMB4iOSFramework */ = {
			isa = PBXNativeTarget;
			buildConfigurationList = AC1E16D922102FFC003100AF /* Build configuration list for PBXNativeTarget "SMB4iOSFramework" */;
			buildPhases = (
				AC1E16C922102FFC003100AF /* Headers */,
				AC1E16CA22102FFC003100AF /* Sources */,
				AC1E16CB22102FFC003100AF /* Frameworks */,
				AC1E16CC22102FFC003100AF /* Resources */,
			);
			buildRules = (
			);
			dependencies = (
			);
			name = SMB4iOSFramework;
			productName = SMB4iOSFramework;
			productReference = AC1E16CE22102FFC003100AF /* SMB4iOSFramework.framework */;
			productType = "com.apple.product-type.framework";
		};
/* End PBXNativeTarget section */

/* Begin PBXProject section */
		119420C918E015F10051474A /* Project object */ = {
			isa = PBXProject;
			attributes = {
				LastUpgradeCheck = 0510;
				ORGANIZATIONNAME = none;
				TargetAttributes = {
					AC1E16CD22102FFC003100AF = {
						CreatedOnToolsVersion = 10.1;
						ProvisioningStyle = Automatic;
					};
				};
			};
			buildConfigurationList = 119420CC18E015F10051474A /* Build configuration list for PBXProject "smb4ios" */;
			compatibilityVersion = "Xcode 3.2";
			developmentRegion = English;
			hasScannedForEncodings = 0;
			knownRegions = (
				English,
				en,
				Base,
			);
			mainGroup = 119420C818E015F10051474A;
			productRefGroup = 119420D218E015F10051474A /* Products */;
			projectDirPath = "";
			projectRoot = "";
			targets = (
				119420D018E015F10051474A /* smb4ios */,
				AC1E16CD22102FFC003100AF /* SMB4iOSFramework */,
			);
		};
/* End PBXProject section */

/* Begin PBXResourcesBuildPhase section */
		119420CF18E015F10051474A /* Resources */ = {
			isa = PBXResourcesBuildPhase;
			buildActionMask = 2147483647;
			files = (
				1194210F18E0170A0051474A /* readme.txt in Resources */,
			);
			runOnlyForDeploymentPostprocessing = 0;
		};
		AC1E16CC22102FFC003100AF /* Resources */ = {
			isa = PBXResourcesBuildPhase;
			buildActionMask = 2147483647;
			files = (
			);
			runOnlyForDeploymentPostprocessing = 0;
		};
/* End PBXResourcesBuildPhase section */

/* Begin PBXSourcesBuildPhase section */
		119420CD18E015F10051474A /* Sources */ = {
			isa = PBXSourcesBuildPhase;
			buildActionMask = 2147483647;
			files = (
				1194219418E01D6A0051474A /* ExtensionViewControllers.m in Sources */,
				1194219918E01EB70051474A /* ServersController.m in Sources */,
				1194219F18E024610051474A /* PrinterController.m in Sources */,
				1194219518E01D6A0051474A /* RootController.m in Sources */,
				1194219C18E01EC10051474A /* SharesController.m in Sources */,
				1194211418E017340051474A /* main.m in Sources */,
				1194219618E01D6A0051474A /* UIViewSizeShortcuts.m in Sources */,
				119E724F18E430FD00B73C09 /* LoginController.m in Sources */,
				1194210E18E0170A0051474A /* AppDelegate.m in Sources */,
			);
			runOnlyForDeploymentPostprocessing = 0;
		};
		AC1E16CA22102FFC003100AF /* Sources */ = {
			isa = PBXSourcesBuildPhase;
			buildActionMask = 2147483647;
			files = (
				AC620AA5221039A70070A1FA /* DceRpcBind.m in Sources */,
				AC620AA9221039A70070A1FA /* DceRpcEnumAll.m in Sources */,
				AC620ABB221039B80070A1FA /* NbtConnection.m in Sources */,
				AC620AA1221039940070A1FA /* NetBiosQuery.m in Sources */,
				AC620AC0221039C90070A1FA /* des.c in Sources */,
				AC620AB9221039B80070A1FA /* SmbWriteMessage.m in Sources */,
				AC620AAB221039A70070A1FA /* DceRpcMessage.m in Sources */,
				AC620ABE221039B80070A1FA /* SocketConnection.m in Sources */,
				AC620AA6221039A70070A1FA /* DceRpcClosePrinter.m in Sources */,
				AC620AA0221039940070A1FA /* NetBios.m in Sources */,
				AC620AAD221039A70070A1FA /* DceRpcPrinterInfo2.m in Sources */,
				AC620AB5221039B80070A1FA /* SmbSessionSetupMessage.m in Sources */,
				AC620ABA221039B80070A1FA /* SmbCloseMessage.m in Sources */,
				AC620ABF221039B80070A1FA /* Utils.m in Sources */,
				AC620AA7221039A70070A1FA /* DceRpcData.m in Sources */,
				AC620AA3221039990070A1FA /* RapNetServerEnum2.m in Sources */,
				AC620AC3221039C90070A1FA /* smbutil.c in Sources */,
				AC620AC2221039C90070A1FA /* smbencrypt.c in Sources */,
				AC620AB0221039B80070A1FA /* SmbLogoffMessage.m in Sources */,
				AC620AAC221039A70070A1FA /* DceRpcOpenPrinterEx.m in Sources */,
				AC620AB1221039B80070A1FA /* SmbMessage.m in Sources */,
				AC620ABC221039B80070A1FA /* NSMutableData+SMB.m in Sources */,
				AC620AB4221039B80070A1FA /* SmbReadMessage.m in Sources */,
				AC620A9F2210398C0070A1FA /* SmbConnection.m in Sources */,
				AC620AB6221039B80070A1FA /* SmbTransactionMessage.m in Sources */,
				AC620AAF221039A70070A1FA /* DceRpcWritePrinter.m in Sources */,
				AC620AAE221039A70070A1FA /* DceRpcStartDocPrinter.m in Sources */,
				AC620AA4221039990070A1FA /* RapNetServerInfo1.m in Sources */,
				AC620AA8221039A70070A1FA /* DceRpcEndDocPrinter.m in Sources */,
				AC620AB2221039B80070A1FA /* SmbNegotiateProtocolMessage.m in Sources */,
				AC620AB7221039B80070A1FA /* SmbTreeConnectMessage.m in Sources */,
				AC620AC1221039C90070A1FA /* md4.c in Sources */,
				AC620AB3221039B80070A1FA /* SmbNtCreateMessage.m in Sources */,
				AC620AAA221039A70070A1FA /* DceRpcGetPrinter.m in Sources */,
				AC620AB8221039B80070A1FA /* SmbTreeDisconnectMessage.m in Sources */,
				AC620AA2221039990070A1FA /* RapMessage.m in Sources */,
				AC620ABD221039B80070A1FA /* SMB4iOSAsyncUdpSocket.m in Sources */,
			);
			runOnlyForDeploymentPostprocessing = 0;
		};
/* End PBXSourcesBuildPhase section */

/* Begin PBXTargetDependency section */
		AC1E16D422102FFC003100AF /* PBXTargetDependency */ = {
			isa = PBXTargetDependency;
			target = AC1E16CD22102FFC003100AF /* SMB4iOSFramework */;
			targetProxy = AC1E16D322102FFC003100AF /* PBXContainerItemProxy */;
		};
/* End PBXTargetDependency section */

/* Begin XCBuildConfiguration section */
		1194210118E015F20051474A /* Debug */ = {
			isa = XCBuildConfiguration;
			buildSettings = {
				ALWAYS_SEARCH_USER_PATHS = NO;
				CLANG_CXX_LANGUAGE_STANDARD = "gnu++0x";
				CLANG_CXX_LIBRARY = "libc++";
				CLANG_ENABLE_MODULES = YES;
				CLANG_ENABLE_OBJC_ARC = YES;
				CLANG_WARN_BOOL_CONVERSION = YES;
				CLANG_WARN_CONSTANT_CONVERSION = YES;
				CLANG_WARN_DIRECT_OBJC_ISA_USAGE = YES_ERROR;
				CLANG_WARN_EMPTY_BODY = YES;
				CLANG_WARN_ENUM_CONVERSION = YES;
				CLANG_WARN_INT_CONVERSION = YES;
				CLANG_WARN_OBJC_ROOT_CLASS = YES_ERROR;
				CLANG_WARN__DUPLICATE_METHOD_MATCH = YES;
				"CODE_SIGN_IDENTITY[sdk=iphoneos*]" = "iPhone Developer";
				COPY_PHASE_STRIP = NO;
				GCC_C_LANGUAGE_STANDARD = gnu99;
				GCC_DYNAMIC_NO_PIC = NO;
				GCC_OPTIMIZATION_LEVEL = 0;
				GCC_PREPROCESSOR_DEFINITIONS = (
					"DEBUG=1",
					"$(inherited)",
				);
				GCC_SYMBOLS_PRIVATE_EXTERN = NO;
				GCC_WARN_64_TO_32_BIT_CONVERSION = YES;
				GCC_WARN_ABOUT_RETURN_TYPE = YES_ERROR;
				GCC_WARN_UNDECLARED_SELECTOR = YES;
				GCC_WARN_UNINITIALIZED_AUTOS = YES_AGGRESSIVE;
				GCC_WARN_UNUSED_FUNCTION = YES;
				GCC_WARN_UNUSED_VARIABLE = YES;
				IPHONEOS_DEPLOYMENT_TARGET = 9.0;
				ONLY_ACTIVE_ARCH = YES;
				SDKROOT = iphoneos;
			};
			name = Debug;
		};
		1194210218E015F20051474A /* Release */ = {
			isa = XCBuildConfiguration;
			buildSettings = {
				ALWAYS_SEARCH_USER_PATHS = NO;
				CLANG_CXX_LANGUAGE_STANDARD = "gnu++0x";
				CLANG_CXX_LIBRARY = "libc++";
				CLANG_ENABLE_MODULES = YES;
				CLANG_ENABLE_OBJC_ARC = YES;
				CLANG_WARN_BOOL_CONVERSION = YES;
				CLANG_WARN_CONSTANT_CONVERSION = YES;
				CLANG_WARN_DIRECT_OBJC_ISA_USAGE = YES_ERROR;
				CLANG_WARN_EMPTY_BODY = YES;
				CLANG_WARN_ENUM_CONVERSION = YES;
				CLANG_WARN_INT_CONVERSION = YES;
				CLANG_WARN_OBJC_ROOT_CLASS = YES_ERROR;
				CLANG_WARN__DUPLICATE_METHOD_MATCH = YES;
				"CODE_SIGN_IDENTITY[sdk=iphoneos*]" = "iPhone Developer";
				COPY_PHASE_STRIP = YES;
				ENABLE_NS_ASSERTIONS = NO;
				GCC_C_LANGUAGE_STANDARD = gnu99;
				GCC_WARN_64_TO_32_BIT_CONVERSION = YES;
				GCC_WARN_ABOUT_RETURN_TYPE = YES_ERROR;
				GCC_WARN_UNDECLARED_SELECTOR = YES;
				GCC_WARN_UNINITIALIZED_AUTOS = YES_AGGRESSIVE;
				GCC_WARN_UNUSED_FUNCTION = YES;
				GCC_WARN_UNUSED_VARIABLE = YES;
				IPHONEOS_DEPLOYMENT_TARGET = 9.0;
				SDKROOT = iphoneos;
				VALIDATE_PRODUCT = YES;
			};
			name = Release;
		};
		1194210418E015F20051474A /* Debug */ = {
			isa = XCBuildConfiguration;
			buildSettings = {
				CODE_SIGN_IDENTITY = "iPhone Developer";
				GCC_PRECOMPILE_PREFIX_HEADER = YES;
				GCC_PREFIX_HEADER = "smb4ios-Prefix.pch";
				INFOPLIST_FILE = "smb4ios-Info.plist";
				IPHONEOS_DEPLOYMENT_TARGET = 9.0;
				LD_RUNPATH_SEARCH_PATHS = "$(inherited) @executable_path/Frameworks";
				LIBRARY_SEARCH_PATHS = (
					"$(inherited)",
					"$(PROJECT_DIR)/Lib",
				);
				PRODUCT_NAME = "$(TARGET_NAME)";
				WRAPPER_EXTENSION = app;
			};
			name = Debug;
		};
		1194210518E015F20051474A /* Release */ = {
			isa = XCBuildConfiguration;
			buildSettings = {
				CODE_SIGN_IDENTITY = "iPhone Developer";
				GCC_PRECOMPILE_PREFIX_HEADER = YES;
				GCC_PREFIX_HEADER = "smb4ios-Prefix.pch";
				INFOPLIST_FILE = "smb4ios-Info.plist";
				IPHONEOS_DEPLOYMENT_TARGET = 9.0;
				LD_RUNPATH_SEARCH_PATHS = "$(inherited) @executable_path/Frameworks";
				LIBRARY_SEARCH_PATHS = (
					"$(inherited)",
					"$(PROJECT_DIR)/Lib",
				);
				PRODUCT_NAME = "$(TARGET_NAME)";
				WRAPPER_EXTENSION = app;
			};
			name = Release;
		};
		AC1E16D722102FFC003100AF /* Debug */ = {
			isa = XCBuildConfiguration;
			buildSettings = {
				CLANG_ANALYZER_NONNULL = YES;
				CLANG_ANALYZER_NUMBER_OBJECT_CONVERSION = YES_AGGRESSIVE;
				CLANG_CXX_LANGUAGE_STANDARD = "gnu++14";
				CLANG_ENABLE_OBJC_WEAK = YES;
				CLANG_WARN_BLOCK_CAPTURE_AUTORELEASING = YES;
				CLANG_WARN_COMMA = YES;
				CLANG_WARN_DEPRECATED_OBJC_IMPLEMENTATIONS = YES;
				CLANG_WARN_DOCUMENTATION_COMMENTS = YES;
				CLANG_WARN_INFINITE_RECURSION = YES;
				CLANG_WARN_NON_LITERAL_NULL_CONVERSION = YES;
				CLANG_WARN_OBJC_IMPLICIT_RETAIN_SELF = YES;
				CLANG_WARN_OBJC_LITERAL_CONVERSION = YES;
				CLANG_WARN_RANGE_LOOP_ANALYSIS = YES;
				CLANG_WARN_STRICT_PROTOTYPES = YES;
				CLANG_WARN_SUSPICIOUS_MOVE = YES;
				CLANG_WARN_UNGUARDED_AVAILABILITY = YES_AGGRESSIVE;
				CLANG_WARN_UNREACHABLE_CODE = YES;
				CODE_SIGN_IDENTITY = "iPhone Developer";
				"CODE_SIGN_IDENTITY[sdk=iphoneos*]" = "iPhone Distribution";
				CODE_SIGN_STYLE = Automatic;
				CURRENT_PROJECT_VERSION = 1;
				DEBUG_INFORMATION_FORMAT = dwarf;
				DEFINES_MODULE = YES;
				DYLIB_COMPATIBILITY_VERSION = 1;
				DYLIB_CURRENT_VERSION = 1;
				DYLIB_INSTALL_NAME_BASE = "@rpath";
				ENABLE_STRICT_OBJC_MSGSEND = YES;
				ENABLE_TESTABILITY = YES;
				GCC_C_LANGUAGE_STANDARD = gnu11;
				GCC_NO_COMMON_BLOCKS = YES;
				INFOPLIST_FILE = SMB4iOSFramework/Info.plist;
				INSTALL_PATH = "$(LOCAL_LIBRARY_DIR)/Frameworks";
				IPHONEOS_DEPLOYMENT_TARGET = 9.0;
				LD_RUNPATH_SEARCH_PATHS = "$(inherited) @executable_path/Frameworks @loader_path/Frameworks";
				MTL_ENABLE_DEBUG_INFO = INCLUDE_SOURCE;
				MTL_FAST_MATH = YES;
				PRODUCT_BUNDLE_IDENTIFIER = com.smb4ios.SMB4iOSFramework;
				PRODUCT_NAME = "$(TARGET_NAME:c99extidentifier)";
				SKIP_INSTALL = YES;
				TARGETED_DEVICE_FAMILY = "1,2";
				VERSIONING_SYSTEM = "apple-generic";
				VERSION_INFO_PREFIX = "";
			};
			name = Debug;
		};
		AC1E16D822102FFC003100AF /* Release */ = {
			isa = XCBuildConfiguration;
			buildSettings = {
				CLANG_ANALYZER_NONNULL = YES;
				CLANG_ANALYZER_NUMBER_OBJECT_CONVERSION = YES_AGGRESSIVE;
				CLANG_CXX_LANGUAGE_STANDARD = "gnu++14";
				CLANG_ENABLE_OBJC_WEAK = YES;
				CLANG_WARN_BLOCK_CAPTURE_AUTORELEASING = YES;
				CLANG_WARN_COMMA = YES;
				CLANG_WARN_DEPRECATED_OBJC_IMPLEMENTATIONS = YES;
				CLANG_WARN_DOCUMENTATION_COMMENTS = YES;
				CLANG_WARN_INFINITE_RECURSION = YES;
				CLANG_WARN_NON_LITERAL_NULL_CONVERSION = YES;
				CLANG_WARN_OBJC_IMPLICIT_RETAIN_SELF = YES;
				CLANG_WARN_OBJC_LITERAL_CONVERSION = YES;
				CLANG_WARN_RANGE_LOOP_ANALYSIS = YES;
				CLANG_WARN_STRICT_PROTOTYPES = YES;
				CLANG_WARN_SUSPICIOUS_MOVE = YES;
				CLANG_WARN_UNGUARDED_AVAILABILITY = YES_AGGRESSIVE;
				CLANG_WARN_UNREACHABLE_CODE = YES;
				CODE_SIGN_IDENTITY = "iPhone Developer";
				"CODE_SIGN_IDENTITY[sdk=iphoneos*]" = "iPhone Distribution";
				CODE_SIGN_STYLE = Automatic;
				COPY_PHASE_STRIP = NO;
				CURRENT_PROJECT_VERSION = 1;
				DEBUG_INFORMATION_FORMAT = "dwarf-with-dsym";
				DEFINES_MODULE = YES;
				DYLIB_COMPATIBILITY_VERSION = 1;
				DYLIB_CURRENT_VERSION = 1;
				DYLIB_INSTALL_NAME_BASE = "@rpath";
				ENABLE_STRICT_OBJC_MSGSEND = YES;
				GCC_C_LANGUAGE_STANDARD = gnu11;
				GCC_NO_COMMON_BLOCKS = YES;
				INFOPLIST_FILE = SMB4iOSFramework/Info.plist;
				INSTALL_PATH = "$(LOCAL_LIBRARY_DIR)/Frameworks";
				IPHONEOS_DEPLOYMENT_TARGET = 9.0;
				LD_RUNPATH_SEARCH_PATHS = "$(inherited) @executable_path/Frameworks @loader_path/Frameworks";
				MTL_ENABLE_DEBUG_INFO = NO;
				MTL_FAST_MATH = YES;
				OTHER_CFLAGS = (
					"-DNS_BLOCK_ASSERTIONS=1",
					"-DNDEBUG",
				);
				PRODUCT_BUNDLE_IDENTIFIER = com.smb4ios.SMB4iOSFramework;
				PRODUCT_NAME = "$(TARGET_NAME:c99extidentifier)";
				SKIP_INSTALL = YES;
				TARGETED_DEVICE_FAMILY = "1,2";
				VERSIONING_SYSTEM = "apple-generic";
				VERSION_INFO_PREFIX = "";
			};
			name = Release;
		};
/* End XCBuildConfiguration section */

/* Begin XCConfigurationList section */
		119420CC18E015F10051474A /* Build configuration list for PBXProject "smb4ios" */ = {
			isa = XCConfigurationList;
			buildConfigurations = (
				1194210118E015F20051474A /* Debug */,
				1194210218E015F20051474A /* Release */,
			);
			defaultConfigurationIsVisible = 0;
			defaultConfigurationName = Release;
		};
		1194210318E015F20051474A /* Build configuration list for PBXNativeTarget "smb4ios" */ = {
			isa = XCConfigurationList;
			buildConfigurations = (
				1194210418E015F20051474A /* Debug */,
				1194210518E015F20051474A /* Release */,
			);
			defaultConfigurationIsVisible = 0;
			defaultConfigurationName = Release;
		};
		AC1E16D922102FFC003100AF /* Build configuration list for PBXNativeTarget "SMB4iOSFramework" */ = {
			isa = XCConfigurationList;
			buildConfigurations = (
				AC1E16D722102FFC003100AF /* Debug */,
				AC1E16D822102FFC003100AF /* Release */,
			);
			defaultConfigurationIsVisible = 0;
			defaultConfigurationName = Release;
		};
/* End XCConfigurationList section */
	};
	rootObject = 119420C918E015F10051474A /* Project object */;
}
